
Microsoft Visual Studio Solution File, Format Version 12.00
# Visual Studio Express 2012 for Web
Project("{FAE04EC0-301F-11D3-BF4B-00C04F79EFBC}") = "GiRello", "GiRello\GiRello.csproj", "{8B3965DD-D758-4808-A1D4-0C3F0426297B}"
EndProject
Global
	GlobalSection(SolutionConfigurationPlatforms) = preSolution
		Debug|Any CPU = Debug|Any CPU
		Release|Any CPU = Release|Any CPU
	EndGlobalSection
	GlobalSection(ProjectConfigurationPlatforms) = postSolution
		{8B3965DD-D758-4808-A1D4-0C3F0426297B}.Debug|Any CPU.ActiveCfg = Debug|Any CPU
		{8B3965DD-D758-4808-A1D4-0C3F0426297B}.Debug|Any CPU.Build.0 = Debug|Any CPU
		{8B3965DD-D758-4808-A1D4-0C3F0426297B}.Release|Any CPU.ActiveCfg = Release|Any CPU
		{8B3965DD-D758-4808-A1D4-0C3F0426297B}.Release|Any CPU.Build.0 = Release|Any CPU
	EndGlobalSection
	GlobalSection(SolutionProperties) = preSolution
		HideSolutionNode = FALSE
	EndGlobalSection
EndGlobal
